
Microsoft Visual Studio Solution File, Format Version 12.00
# Visual Studio Version 17
VisualStudioVersion = 17.8.34322.80
MinimumVisualStudioVersion = 10.0.40219.1
Project("{FAE04EC0-301F-11D3-BF4B-00C04F79EFBC}") = "Project4", "Project4.csproj", "{CF3C6A8E-FE79-4D25-A6BD-524497FD59C9}"
EndProject
Global
	GlobalSection(SolutionConfigurationPlatforms) = preSolution
		Debug|Any CPU = Debug|Any CPU
		Release|Any CPU = Release|Any CPU
	EndGlobalSection
	GlobalSection(ProjectConfigurationPlatforms) = postSolution
		{CF3C6A8E-FE79-4D25-A6BD-524497FD59C9}.Debug|Any CPU.ActiveCfg = Debug|Any CPU
		{CF3C6A8E-FE79-4D25-A6BD-524497FD59C9}.Debug|Any CPU.Build.0 = Debug|Any CPU
		{CF3C6A8E-FE79-4D25-A6BD-524497FD59C9}.Release|Any CPU.ActiveCfg = Release|Any CPU
		{CF3C6A8E-FE79-4D25-A6BD-524497FD59C9}.Release|Any CPU.Build.0 = Release|Any CPU
	EndGlobalSection
	GlobalSection(SolutionProperties) = preSolution
		HideSolutionNode = FALSE
	EndGlobalSection
	GlobalSection(ExtensibilityGlobals) = postSolution
		SolutionGuid = {01D90970-13C9-428C-B4F4-7945CB64E379}
	EndGlobalSection
EndGlobal
